
Microsoft Visual Studio Solution File, Format Version 12.00
# Visual Studio Version 17
VisualStudioVersion = 17.10.35027.167
MinimumVisualStudioVersion = 10.0.40219.1
Project("{FAE04EC0-301F-11D3-BF4B-00C04F79EFBC}") = "Login2", "Login2\Login2.csproj", "{2D91E379-0FCE-4F2D-9537-08BD96EB8C4A}"
EndProject
Global
	GlobalSection(SolutionConfigurationPlatforms) = preSolution
		Debug|Any CPU = Debug|Any CPU
		Release|Any CPU = Release|Any CPU
	EndGlobalSection
	GlobalSection(ProjectConfigurationPlatforms) = postSolution
		{2D91E379-0FCE-4F2D-9537-08BD96EB8C4A}.Debug|Any CPU.ActiveCfg = Debug|Any CPU
		{2D91E379-0FCE-4F2D-9537-08BD96EB8C4A}.Debug|Any CPU.Build.0 = Debug|Any CPU
		{2D91E379-0FCE-4F2D-9537-08BD96EB8C4A}.Release|Any CPU.ActiveCfg = Release|Any CPU
		{2D91E379-0FCE-4F2D-9537-08BD96EB8C4A}.Release|Any CPU.Build.0 = Release|Any CPU
	EndGlobalSection
	GlobalSection(SolutionProperties) = preSolution
		HideSolutionNode = FALSE
	EndGlobalSection
	GlobalSection(ExtensibilityGlobals) = postSolution
		SolutionGuid = {DE50D6DD-09A7-4EBF-B94E-4AE9C79EC3CB}
	EndGlobalSection
EndGlobal
